
Microsoft Visual Studio Solution File, Format Version 12.00
# Visual Studio Version 18
VisualStudioVersion = 18.4.11605.240 stable
MinimumVisualStudioVersion = 10.0.40219.1
Project("{FAE04EC0-301F-11D3-BF4B-00C04F79EFBC}") = "Flow.Launcher.Plugin.BankCardFaker", "Flow.Launcher.Plugin.BankCardFaker.csproj", "{C83151D2-1D5E-6CA8-3436-8AF77BC1FFCC}"
EndProject
Global
	GlobalSection(SolutionConfigurationPlatforms) = preSolution
		Debug|Any CPU = Debug|Any CPU
		Release|Any CPU = Release|Any CPU
	EndGlobalSection
	GlobalSection(ProjectConfigurationPlatforms) = postSolution
		{C83151D2-1D5E-6CA8-3436-8AF77BC1FFCC}.Debug|Any CPU.ActiveCfg = Debug|Any CPU
		{C83151D2-1D5E-6CA8-3436-8AF77BC1FFCC}.Debug|Any CPU.Build.0 = Debug|Any CPU
		{C83151D2-1D5E-6CA8-3436-8AF77BC1FFCC}.Release|Any CPU.ActiveCfg = Release|Any CPU
		{C83151D2-1D5E-6CA8-3436-8AF77BC1FFCC}.Release|Any CPU.Build.0 = Release|Any CPU
	EndGlobalSection
	GlobalSection(SolutionProperties) = preSolution
		HideSolutionNode = FALSE
	EndGlobalSection
	GlobalSection(ExtensibilityGlobals) = postSolution
		SolutionGuid = {01AE6B84-0E89-407D-90AA-11F029596327}
	EndGlobalSection
EndGlobal
